
Microsoft Visual Studio Solution File, Format Version 12.00
# Visual Studio Version 16
VisualStudioVersion = 16.0.35229.62
MinimumVisualStudioVersion = 10.0.40219.1
Project("{FAE04EC0-301F-11D3-BF4B-00C04F79EFBC}") = "webCore", "webCore\webCore.csproj", "{43AE732C-A91B-446D-A6D4-ABCCCE6CED31}"
EndProject
Global
	GlobalSection(SolutionConfigurationPlatforms) = preSolution
		Debug|Any CPU = Debug|Any CPU
		Release|Any CPU = Release|Any CPU
	EndGlobalSection
	GlobalSection(ProjectConfigurationPlatforms) = postSolution
		{43AE732C-A91B-446D-A6D4-ABCCCE6CED31}.Debug|Any CPU.ActiveCfg = Debug|Any CPU
		{43AE732C-A91B-446D-A6D4-ABCCCE6CED31}.Debug|Any CPU.Build.0 = Debug|Any CPU
		{43AE732C-A91B-446D-A6D4-ABCCCE6CED31}.Release|Any CPU.ActiveCfg = Release|Any CPU
		{43AE732C-A91B-446D-A6D4-ABCCCE6CED31}.Release|Any CPU.Build.0 = Release|Any CPU
	EndGlobalSection
	GlobalSection(SolutionProperties) = preSolution
		HideSolutionNode = FALSE
	EndGlobalSection
	GlobalSection(ExtensibilityGlobals) = postSolution
		SolutionGuid = {BB21301A-4563-463D-B2FF-DF8992CE8CB4}
	EndGlobalSection
EndGlobal
